{
    "requires": true,
    "lockfileVersion": 1,
    "dependencies": {
        "date-range-picker": {
            "version": "0.3.5",
            "resolved": "https://registry.npmjs.org/date-range-picker/-/date-range-picker-0.3.5.tgz",
            "integrity": "sha1-XKeMOr78rvMWDxtZ25tZNa1P7U8="
        }
    }
}
